
Microsoft Visual Studio Solution File, Format Version 12.00
# Visual Studio Version 16
VisualStudioVersion = 16.0.31229.75
MinimumVisualStudioVersion = 10.0.40219.1
Project("{FAE04EC0-301F-11D3-BF4B-00C04F79EFBC}") = "WebVideoJuegos", "WebVideoJuegos\WebVideoJuegos.csproj", "{0F1E93A4-116B-4362-A0AF-B38046B4984D}"
EndProject
Project("{FAE04EC0-301F-11D3-BF4B-00C04F79EFBC}") = "ApiVideojuegos", "ApiVideojuegos\ApiVideojuegos.csproj", "{9DF2C767-271F-4010-925D-6E89AF536D68}"
EndProject
Global
	GlobalSection(SolutionConfigurationPlatforms) = preSolution
		Debug|Any CPU = Debug|Any CPU
		Release|Any CPU = Release|Any CPU
	EndGlobalSection
	GlobalSection(ProjectConfigurationPlatforms) = postSolution
		{0F1E93A4-116B-4362-A0AF-B38046B4984D}.Debug|Any CPU.ActiveCfg = Debug|Any CPU
		{0F1E93A4-116B-4362-A0AF-B38046B4984D}.Debug|Any CPU.Build.0 = Debug|Any CPU
		{0F1E93A4-116B-4362-A0AF-B38046B4984D}.Release|Any CPU.ActiveCfg = Release|Any CPU
		{0F1E93A4-116B-4362-A0AF-B38046B4984D}.Release|Any CPU.Build.0 = Release|Any CPU
		{9DF2C767-271F-4010-925D-6E89AF536D68}.Debug|Any CPU.ActiveCfg = Debug|Any CPU
		{9DF2C767-271F-4010-925D-6E89AF536D68}.Debug|Any CPU.Build.0 = Debug|Any CPU
		{9DF2C767-271F-4010-925D-6E89AF536D68}.Release|Any CPU.ActiveCfg = Release|Any CPU
		{9DF2C767-271F-4010-925D-6E89AF536D68}.Release|Any CPU.Build.0 = Release|Any CPU
	EndGlobalSection
	GlobalSection(SolutionProperties) = preSolution
		HideSolutionNode = FALSE
	EndGlobalSection
	GlobalSection(ExtensibilityGlobals) = postSolution
		SolutionGuid = {149CAF3D-858D-46C0-872A-E83CC7A16B3D}
	EndGlobalSection
EndGlobal
